
Microsoft Visual Studio Solution File, Format Version 12.00
# Visual Studio Version 17
VisualStudioVersion = 17.0.31903.59
MinimumVisualStudioVersion = 10.0.40219.1
Project("{FAE04EC0-301F-11D3-BF4B-00C04F79EFBC}") = "Core", "Core\Core.csproj", "{8D56F672-FFC3-4CAC-AB61-CBFC27D32865}"
EndProject
Project("{FAE04EC0-301F-11D3-BF4B-00C04F79EFBC}") = "DataAccess", "DataAccess\DataAccess.csproj", "{B7CD075F-5727-4780-8553-F9482A63D1B1}"
EndProject
Project("{FAE04EC0-301F-11D3-BF4B-00C04F79EFBC}") = "Business", "Business\Business.csproj", "{2BBD5443-E0FE-40E9-9B7B-FBCA9A8953E7}"
EndProject
Project("{FAE04EC0-301F-11D3-BF4B-00C04F79EFBC}") = "Entities", "Entities\Entities.csproj", "{974D3F4B-43B9-4F3A-AB37-534AFFB64024}"
EndProject
Project("{FAE04EC0-301F-11D3-BF4B-00C04F79EFBC}") = "CarAPI", "CarAPI\CarAPI.csproj", "{FD0EFD39-1610-488F-8ADC-66B1AC84BFEB}"
EndProject
Global
	GlobalSection(SolutionConfigurationPlatforms) = preSolution
		Debug|Any CPU = Debug|Any CPU
		Release|Any CPU = Release|Any CPU
	EndGlobalSection
	GlobalSection(SolutionProperties) = preSolution
		HideSolutionNode = FALSE
	EndGlobalSection
	GlobalSection(ProjectConfigurationPlatforms) = postSolution
		{8D56F672-FFC3-4CAC-AB61-CBFC27D32865}.Debug|Any CPU.ActiveCfg = Debug|Any CPU
		{8D56F672-FFC3-4CAC-AB61-CBFC27D32865}.Debug|Any CPU.Build.0 = Debug|Any CPU
		{8D56F672-FFC3-4CAC-AB61-CBFC27D32865}.Release|Any CPU.ActiveCfg = Release|Any CPU
		{8D56F672-FFC3-4CAC-AB61-CBFC27D32865}.Release|Any CPU.Build.0 = Release|Any CPU
		{B7CD075F-5727-4780-8553-F9482A63D1B1}.Debug|Any CPU.ActiveCfg = Debug|Any CPU
		{B7CD075F-5727-4780-8553-F9482A63D1B1}.Debug|Any CPU.Build.0 = Debug|Any CPU
		{B7CD075F-5727-4780-8553-F9482A63D1B1}.Release|Any CPU.ActiveCfg = Release|Any CPU
		{B7CD075F-5727-4780-8553-F9482A63D1B1}.Release|Any CPU.Build.0 = Release|Any CPU
		{2BBD5443-E0FE-40E9-9B7B-FBCA9A8953E7}.Debug|Any CPU.ActiveCfg = Debug|Any CPU
		{2BBD5443-E0FE-40E9-9B7B-FBCA9A8953E7}.Debug|Any CPU.Build.0 = Debug|Any CPU
		{2BBD5443-E0FE-40E9-9B7B-FBCA9A8953E7}.Release|Any CPU.ActiveCfg = Release|Any CPU
		{2BBD5443-E0FE-40E9-9B7B-FBCA9A8953E7}.Release|Any CPU.Build.0 = Release|Any CPU
		{974D3F4B-43B9-4F3A-AB37-534AFFB64024}.Debug|Any CPU.ActiveCfg = Debug|Any CPU
		{974D3F4B-43B9-4F3A-AB37-534AFFB64024}.Debug|Any CPU.Build.0 = Debug|Any CPU
		{974D3F4B-43B9-4F3A-AB37-534AFFB64024}.Release|Any CPU.ActiveCfg = Release|Any CPU
		{974D3F4B-43B9-4F3A-AB37-534AFFB64024}.Release|Any CPU.Build.0 = Release|Any CPU
		{FD0EFD39-1610-488F-8ADC-66B1AC84BFEB}.Debug|Any CPU.ActiveCfg = Debug|Any CPU
		{FD0EFD39-1610-488F-8ADC-66B1AC84BFEB}.Debug|Any CPU.Build.0 = Debug|Any CPU
		{FD0EFD39-1610-488F-8ADC-66B1AC84BFEB}.Release|Any CPU.ActiveCfg = Release|Any CPU
		{FD0EFD39-1610-488F-8ADC-66B1AC84BFEB}.Release|Any CPU.Build.0 = Release|Any CPU
	EndGlobalSection
EndGlobal
